
Microsoft Visual Studio Solution File, Format Version 12.00
# Visual Studio Version 16
VisualStudioVersion = 16.0.30804.86
MinimumVisualStudioVersion = 10.0.40219.1
Project("{FAE04EC0-301F-11D3-BF4B-00C04F79EFBC}") = "RapidApi", "RapidApi.csproj", "{E28C32F9-E4C7-45A5-92DD-02933B4DF1B7}"
EndProject
Project("{FAE04EC0-301F-11D3-BF4B-00C04F79EFBC}") = "RapidApi2", "..\RapidApi2\RapidApi2.csproj", "{787602C0-4704-4287-8291-A5961431EDEC}"
EndProject
Global
	GlobalSection(SolutionConfigurationPlatforms) = preSolution
		Debug|Any CPU = Debug|Any CPU
		Release|Any CPU = Release|Any CPU
	EndGlobalSection
	GlobalSection(ProjectConfigurationPlatforms) = postSolution
		{E28C32F9-E4C7-45A5-92DD-02933B4DF1B7}.Debug|Any CPU.ActiveCfg = Debug|Any CPU
		{E28C32F9-E4C7-45A5-92DD-02933B4DF1B7}.Debug|Any CPU.Build.0 = Debug|Any CPU
		{E28C32F9-E4C7-45A5-92DD-02933B4DF1B7}.Release|Any CPU.ActiveCfg = Release|Any CPU
		{E28C32F9-E4C7-45A5-92DD-02933B4DF1B7}.Release|Any CPU.Build.0 = Release|Any CPU
		{787602C0-4704-4287-8291-A5961431EDEC}.Debug|Any CPU.ActiveCfg = Debug|Any CPU
		{787602C0-4704-4287-8291-A5961431EDEC}.Debug|Any CPU.Build.0 = Debug|Any CPU
		{787602C0-4704-4287-8291-A5961431EDEC}.Release|Any CPU.ActiveCfg = Release|Any CPU
		{787602C0-4704-4287-8291-A5961431EDEC}.Release|Any CPU.Build.0 = Release|Any CPU
	EndGlobalSection
	GlobalSection(SolutionProperties) = preSolution
		HideSolutionNode = FALSE
	EndGlobalSection
	GlobalSection(ExtensibilityGlobals) = postSolution
		SolutionGuid = {DF9B95C0-60AC-4819-80E7-5D9EC4582DAF}
	EndGlobalSection
EndGlobal
